
Microsoft Visual Studio Solution File, Format Version 12.00
# Visual Studio Version 17
VisualStudioVersion = 17.3.32804.467
MinimumVisualStudioVersion = 10.0.40219.1
Project("{FAE04EC0-301F-11D3-BF4B-00C04F79EFBC}") = "EMSwebapiproject", "EMSwebapiproject\EMSwebapiproject.csproj", "{2012D4BD-DF9A-47E1-9247-DC34748361AC}"
EndProject
Project("{FAE04EC0-301F-11D3-BF4B-00C04F79EFBC}") = "BLL_library", "..\EMSProject\BLL_library\BLL_library.csproj", "{07649DB0-2C9B-4426-84EA-C0902D964174}"
EndProject
Project("{FAE04EC0-301F-11D3-BF4B-00C04F79EFBC}") = "DAL_library", "..\EMSProject\DAL_library\DAL_library.csproj", "{24E8418B-C913-49EB-8381-69AB0DB8C93E}"
EndProject
Global
	GlobalSection(SolutionConfigurationPlatforms) = preSolution
		Debug|Any CPU = Debug|Any CPU
		Release|Any CPU = Release|Any CPU
	EndGlobalSection
	GlobalSection(ProjectConfigurationPlatforms) = postSolution
		{2012D4BD-DF9A-47E1-9247-DC34748361AC}.Debug|Any CPU.ActiveCfg = Debug|Any CPU
		{2012D4BD-DF9A-47E1-9247-DC34748361AC}.Debug|Any CPU.Build.0 = Debug|Any CPU
		{2012D4BD-DF9A-47E1-9247-DC34748361AC}.Release|Any CPU.ActiveCfg = Release|Any CPU
		{2012D4BD-DF9A-47E1-9247-DC34748361AC}.Release|Any CPU.Build.0 = Release|Any CPU
		{07649DB0-2C9B-4426-84EA-C0902D964174}.Debug|Any CPU.ActiveCfg = Debug|Any CPU
		{07649DB0-2C9B-4426-84EA-C0902D964174}.Debug|Any CPU.Build.0 = Debug|Any CPU
		{07649DB0-2C9B-4426-84EA-C0902D964174}.Release|Any CPU.ActiveCfg = Release|Any CPU
		{07649DB0-2C9B-4426-84EA-C0902D964174}.Release|Any CPU.Build.0 = Release|Any CPU
		{24E8418B-C913-49EB-8381-69AB0DB8C93E}.Debug|Any CPU.ActiveCfg = Debug|Any CPU
		{24E8418B-C913-49EB-8381-69AB0DB8C93E}.Debug|Any CPU.Build.0 = Debug|Any CPU
		{24E8418B-C913-49EB-8381-69AB0DB8C93E}.Release|Any CPU.ActiveCfg = Release|Any CPU
		{24E8418B-C913-49EB-8381-69AB0DB8C93E}.Release|Any CPU.Build.0 = Release|Any CPU
	EndGlobalSection
	GlobalSection(SolutionProperties) = preSolution
		HideSolutionNode = FALSE
	EndGlobalSection
	GlobalSection(ExtensibilityGlobals) = postSolution
		SolutionGuid = {4DC8C7CB-9E78-4268-98EA-D612A964CF57}
	EndGlobalSection
EndGlobal
