
Microsoft Visual Studio Solution File, Format Version 12.00
# Visual Studio Version 17
VisualStudioVersion = 17.3.32804.467
MinimumVisualStudioVersion = 10.0.40219.1
Project("{FAE04EC0-301F-11D3-BF4B-00C04F79EFBC}") = "TestingProject", "TestingProject\TestingProject.csproj", "{1D54717A-F094-404A-92C3-49988781855F}"
EndProject
Project("{FAE04EC0-301F-11D3-BF4B-00C04F79EFBC}") = "TestingTest", "TestingTest\TestingTest.csproj", "{3257D1DF-07D9-4711-B368-E8D392F12BC9}"
	ProjectSection(ProjectDependencies) = postProject
		{1D54717A-F094-404A-92C3-49988781855F} = {1D54717A-F094-404A-92C3-49988781855F}
	EndProjectSection
EndProject
Global
	GlobalSection(SolutionConfigurationPlatforms) = preSolution
		Debug|Any CPU = Debug|Any CPU
		Release|Any CPU = Release|Any CPU
	EndGlobalSection
	GlobalSection(ProjectConfigurationPlatforms) = postSolution
		{1D54717A-F094-404A-92C3-49988781855F}.Debug|Any CPU.ActiveCfg = Debug|Any CPU
		{1D54717A-F094-404A-92C3-49988781855F}.Debug|Any CPU.Build.0 = Debug|Any CPU
		{1D54717A-F094-404A-92C3-49988781855F}.Release|Any CPU.ActiveCfg = Release|Any CPU
		{1D54717A-F094-404A-92C3-49988781855F}.Release|Any CPU.Build.0 = Release|Any CPU
		{3257D1DF-07D9-4711-B368-E8D392F12BC9}.Debug|Any CPU.ActiveCfg = Debug|Any CPU
		{3257D1DF-07D9-4711-B368-E8D392F12BC9}.Debug|Any CPU.Build.0 = Debug|Any CPU
		{3257D1DF-07D9-4711-B368-E8D392F12BC9}.Release|Any CPU.ActiveCfg = Release|Any CPU
		{3257D1DF-07D9-4711-B368-E8D392F12BC9}.Release|Any CPU.Build.0 = Release|Any CPU
	EndGlobalSection
	GlobalSection(SolutionProperties) = preSolution
		HideSolutionNode = FALSE
	EndGlobalSection
	GlobalSection(ExtensibilityGlobals) = postSolution
		SolutionGuid = {9E19B3A7-26F1-4791-A7D6-9BCC14CE76FD}
	EndGlobalSection
EndGlobal
